
Microsoft Visual Studio Solution File, Format Version 12.00
# Visual Studio 15
VisualStudioVersion = 15.0.27703.2026
MinimumVisualStudioVersion = 10.0.40219.1
Project("{FAE04EC0-301F-11D3-BF4B-00C04F79EFBC}") = "WebApp", "WebApp\WebApp.csproj", "{3A7B282D-8542-49AB-AB9F-95AD139B6B3B}"
EndProject
Project("{FAE04EC0-301F-11D3-BF4B-00C04F79EFBC}") = "NorthwindSystem.Data", "NorthwindSystem.Data\NorthwindSystem.Data.csproj", "{049D50CF-6651-4C91-9F25-B12735E3DFF4}"
EndProject
Project("{FAE04EC0-301F-11D3-BF4B-00C04F79EFBC}") = "NorthwindSystem", "NorthwindSystem\NorthwindSystem.csproj", "{D63C80E5-19B5-43CB-8DDB-B18224EE095A}"
EndProject
Global
	GlobalSection(SolutionConfigurationPlatforms) = preSolution
		Debug|Any CPU = Debug|Any CPU
		Release|Any CPU = Release|Any CPU
	EndGlobalSection
	GlobalSection(ProjectConfigurationPlatforms) = postSolution
		{3A7B282D-8542-49AB-AB9F-95AD139B6B3B}.Debug|Any CPU.ActiveCfg = Debug|Any CPU
		{3A7B282D-8542-49AB-AB9F-95AD139B6B3B}.Debug|Any CPU.Build.0 = Debug|Any CPU
		{3A7B282D-8542-49AB-AB9F-95AD139B6B3B}.Release|Any CPU.ActiveCfg = Release|Any CPU
		{3A7B282D-8542-49AB-AB9F-95AD139B6B3B}.Release|Any CPU.Build.0 = Release|Any CPU
		{049D50CF-6651-4C91-9F25-B12735E3DFF4}.Debug|Any CPU.ActiveCfg = Debug|Any CPU
		{049D50CF-6651-4C91-9F25-B12735E3DFF4}.Debug|Any CPU.Build.0 = Debug|Any CPU
		{049D50CF-6651-4C91-9F25-B12735E3DFF4}.Release|Any CPU.ActiveCfg = Release|Any CPU
		{049D50CF-6651-4C91-9F25-B12735E3DFF4}.Release|Any CPU.Build.0 = Release|Any CPU
		{D63C80E5-19B5-43CB-8DDB-B18224EE095A}.Debug|Any CPU.ActiveCfg = Debug|Any CPU
		{D63C80E5-19B5-43CB-8DDB-B18224EE095A}.Debug|Any CPU.Build.0 = Debug|Any CPU
		{D63C80E5-19B5-43CB-8DDB-B18224EE095A}.Release|Any CPU.ActiveCfg = Release|Any CPU
		{D63C80E5-19B5-43CB-8DDB-B18224EE095A}.Release|Any CPU.Build.0 = Release|Any CPU
	EndGlobalSection
	GlobalSection(SolutionProperties) = preSolution
		HideSolutionNode = FALSE
	EndGlobalSection
	GlobalSection(ExtensibilityGlobals) = postSolution
		SolutionGuid = {BD9F4A46-41CE-414F-BFC2-EAD2C25EB96E}
	EndGlobalSection
EndGlobal
